
Microsoft Visual Studio Solution File, Format Version 12.00
# Visual Studio 14
VisualStudioVersion = 14.0.24720.0
MinimumVisualStudioVersion = 10.0.40219.1
Project("{FAE04EC0-301F-11D3-BF4B-00C04F79EFBC}") = "Katas", "Katas\Katas.csproj", "{1D244D4B-7DDE-4A7A-8E6E-AAD44B9B3BFE}"
EndProject
Project("{FAE04EC0-301F-11D3-BF4B-00C04F79EFBC}") = "Katas.Tests", "Katas.Tests\Katas.Tests.csproj", "{101CA9EA-D646-4D67-8DC8-2EAC7D5475A3}"
EndProject
Global
	GlobalSection(SolutionConfigurationPlatforms) = preSolution
		Debug|Any CPU = Debug|Any CPU
		Release|Any CPU = Release|Any CPU
	EndGlobalSection
	GlobalSection(ProjectConfigurationPlatforms) = postSolution
		{1D244D4B-7DDE-4A7A-8E6E-AAD44B9B3BFE}.Debug|Any CPU.ActiveCfg = Debug|Any CPU
		{1D244D4B-7DDE-4A7A-8E6E-AAD44B9B3BFE}.Debug|Any CPU.Build.0 = Debug|Any CPU
		{1D244D4B-7DDE-4A7A-8E6E-AAD44B9B3BFE}.Release|Any CPU.ActiveCfg = Release|Any CPU
		{1D244D4B-7DDE-4A7A-8E6E-AAD44B9B3BFE}.Release|Any CPU.Build.0 = Release|Any CPU
		{101CA9EA-D646-4D67-8DC8-2EAC7D5475A3}.Debug|Any CPU.ActiveCfg = Debug|Any CPU
		{101CA9EA-D646-4D67-8DC8-2EAC7D5475A3}.Debug|Any CPU.Build.0 = Debug|Any CPU
		{101CA9EA-D646-4D67-8DC8-2EAC7D5475A3}.Release|Any CPU.ActiveCfg = Release|Any CPU
		{101CA9EA-D646-4D67-8DC8-2EAC7D5475A3}.Release|Any CPU.Build.0 = Release|Any CPU
	EndGlobalSection
	GlobalSection(SolutionProperties) = preSolution
		HideSolutionNode = FALSE
	EndGlobalSection
EndGlobal
